// !$*UTF8*$!
{
	archiveVersion = 1;
	classes = {
	};
	objectVersion = 56;
	objects = {

/* Begin PBXBuildFile section */
		6A0426E42C525BF0002B5643 /* DishListTableViewCell.swift in Sources */ = {isa = PBXBuildFile; fileRef = 6A0426E22C525BF0002B5643 /* DishListTableViewCell.swift */; };
		6A0426E52C525BF0002B5643 /* DishListTableViewCell.xib in Resources */ = {isa = PBXBuildFile; fileRef = 6A0426E32C525BF0002B5643 /* DishListTableViewCell.xib */; };
		6A0426E82C526035002B5643 /* ListDishesViewController.swift in Sources */ = {isa = PBXBuildFile; fileRef = 6A0426E72C526035002B5643 /* ListDishesViewController.swift */; };
		6A0426EB2C526541002B5643 /* ListOrdesViewController.swift in Sources */ = {isa = PBXBuildFile; fileRef = 6A0426EA2C526541002B5643 /* ListOrdesViewController.swift */; };
		6A0426ED2C52669E002B5643 /* Order.swift in Sources */ = {isa = PBXBuildFile; fileRef = 6A0426EC2C52669E002B5643 /* Order.swift */; };
		6A0984342C4018A6000EF327 /* OnboardingViewController.swift in Sources */ = {isa = PBXBuildFile; fileRef = 6A0984332C4018A6000EF327 /* OnboardingViewController.swift */; };
		6A0984392C4022CA000EF327 /* UIView+Extension.swift in Sources */ = {isa = PBXBuildFile; fileRef = 6A0984382C4022CA000EF327 /* UIView+Extension.swift */; };
		6A09843B2C402479000EF327 /* OnboaringSlide.swift in Sources */ = {isa = PBXBuildFile; fileRef = 6A09843A2C402479000EF327 /* OnboaringSlide.swift */; };
		6A09843D2C40279A000EF327 /* OnboardingCollectionViewCell.swift in Sources */ = {isa = PBXBuildFile; fileRef = 6A09843C2C40279A000EF327 /* OnboardingCollectionViewCell.swift */; };
		6A0D452A2C4BCB3D0078D87E /* DishPortraitCollectionViewCell.xib in Resources */ = {isa = PBXBuildFile; fileRef = 6A0D45292C4BCB3D0078D87E /* DishPortraitCollectionViewCell.xib */; };
		6A0D452B2C4BCB3D0078D87E /* DishPortraitCollectionViewCell.swift in Sources */ = {isa = PBXBuildFile; fileRef = 6A0D45282C4BCB3D0078D87E /* DishPortraitCollectionViewCell.swift */; };
		6A1B0BE52C4EB92E000D6D97 /* DishLandscapeCollectionViewCell.xib in Resources */ = {isa = PBXBuildFile; fileRef = 6A1B0BE42C4EB92E000D6D97 /* DishLandscapeCollectionViewCell.xib */; };
		6A1B0BE62C4EB92E000D6D97 /* DishLandscapeCollectionViewCell.swift in Sources */ = {isa = PBXBuildFile; fileRef = 6A1B0BE32C4EB92E000D6D97 /* DishLandscapeCollectionViewCell.swift */; };
		6A32182D2C492F8400BA8DA5 /* Dish.swift in Sources */ = {isa = PBXBuildFile; fileRef = 6A32182C2C492F8400BA8DA5 /* Dish.swift */; };
		6A629B172C4FBE630030155B /* DishDetailViewController.swift in Sources */ = {isa = PBXBuildFile; fileRef = 6A629B162C4FBE630030155B /* DishDetailViewController.swift */; };
		6A68BAD22C47F4320049C8BE /* DishCategory.swift in Sources */ = {isa = PBXBuildFile; fileRef = 6A68BAD12C47F4320049C8BE /* DishCategory.swift */; };
		6A68BAD52C47F58C0049C8BE /* Kingfisher in Frameworks */ = {isa = PBXBuildFile; productRef = 6A68BAD42C47F58C0049C8BE /* Kingfisher */; };
		6A68BAD72C47F6230049C8BE /* String+Extension.swift in Sources */ = {isa = PBXBuildFile; fileRef = 6A68BAD62C47F6230049C8BE /* String+Extension.swift */; };
		6A68BADB2C47FC9B0049C8BE /* CardView.swift in Sources */ = {isa = PBXBuildFile; fileRef = 6A68BADA2C47FC9B0049C8BE /* CardView.swift */; };
		6AA837FA2C4562DE00CCBEC7 /* HomeViewController.swift in Sources */ = {isa = PBXBuildFile; fileRef = 6AA837F92C4562DE00CCBEC7 /* HomeViewController.swift */; };
		6ABDF5A82C51B84B009B349C /* UIViewController+Extension.swift in Sources */ = {isa = PBXBuildFile; fileRef = 6ABDF5A72C51B84B009B349C /* UIViewController+Extension.swift */; };
		6ADC151A2C36CEF700B5CBDF /* AppDelegate.swift in Sources */ = {isa = PBXBuildFile; fileRef = 6ADC15192C36CEF700B5CBDF /* AppDelegate.swift */; };
		6ADC151C2C36CEF700B5CBDF /* SceneDelegate.swift in Sources */ = {isa = PBXBuildFile; fileRef = 6ADC151B2C36CEF700B5CBDF /* SceneDelegate.swift */; };
		6ADC15212C36CEF700B5CBDF /* Base in Resources */ = {isa = PBXBuildFile; fileRef = 6ADC15202C36CEF700B5CBDF /* Base */; };
		6ADC15232C36CEF700B5CBDF /* Assets.xcassets in Resources */ = {isa = PBXBuildFile; fileRef = 6ADC15222C36CEF700B5CBDF /* Assets.xcassets */; };
		6ADC15262C36CEF700B5CBDF /* Base in Resources */ = {isa = PBXBuildFile; fileRef = 6ADC15252C36CEF700B5CBDF /* Base */; };
		6ADC15312C36CEF800B5CBDF /* YemekSepetiTests.swift in Sources */ = {isa = PBXBuildFile; fileRef = 6ADC15302C36CEF800B5CBDF /* YemekSepetiTests.swift */; };
		6ADC153B2C36CEF800B5CBDF /* YemekSepetiUITests.swift in Sources */ = {isa = PBXBuildFile; fileRef = 6ADC153A2C36CEF800B5CBDF /* YemekSepetiUITests.swift */; };
		6ADC153D2C36CEF800B5CBDF /* YemekSepetiUITestsLaunchTests.swift in Sources */ = {isa = PBXBuildFile; fileRef = 6ADC153C2C36CEF800B5CBDF /* YemekSepetiUITestsLaunchTests.swift */; };
		6AE880AA2C46CFC80098BD2A /* CategoryCollectionViewCell.xib in Resources */ = {isa = PBXBuildFile; fileRef = 6AE880A92C46CFC80098BD2A /* CategoryCollectionViewCell.xib */; };
		6AE880AB2C46CFC80098BD2A /* CategoryCollectionViewCell.swift in Sources */ = {isa = PBXBuildFile; fileRef = 6AE880A82C46CFC80098BD2A /* CategoryCollectionViewCell.swift */; };
/* End PBXBuildFile section */

/* Begin PBXContainerItemProxy section */
		6ADC152D2C36CEF800B5CBDF /* PBXContainerItemProxy */ = {
			isa = PBXContainerItemProxy;
			containerPortal = 6ADC150E2C36CEF700B5CBDF /* Project object */;
			proxyType = 1;
			remoteGlobalIDString = 6ADC15152C36CEF700B5CBDF;
			remoteInfo = YemekSepeti;
		};
		6ADC15372C36CEF800B5CBDF /* PBXContainerItemProxy */ = {
			isa = PBXContainerItemProxy;
			containerPortal = 6ADC150E2C36CEF700B5CBDF /* Project object */;
			proxyType = 1;
			remoteGlobalIDString = 6ADC15152C36CEF700B5CBDF;
			remoteInfo = YemekSepeti;
		};
/* End PBXContainerItemProxy section */

/* Begin PBXFileReference section */
		6A0426E22C525BF0002B5643 /* DishListTableViewCell.swift */ = {isa = PBXFileReference; lastKnownFileType = sourcecode.swift; path = DishListTableViewCell.swift; sourceTree = "<group>"; };
		6A0426E32C525BF0002B5643 /* DishListTableViewCell.xib */ = {isa = PBXFileReference; lastKnownFileType = file.xib; path = DishListTableViewCell.xib; sourceTree = "<group>"; };
		6A0426E72C526035002B5643 /* ListDishesViewController.swift */ = {isa = PBXFileReference; lastKnownFileType = sourcecode.swift; path = ListDishesViewController.swift; sourceTree = "<group>"; };
		6A0426EA2C526541002B5643 /* ListOrdesViewController.swift */ = {isa = PBXFileReference; lastKnownFileType = sourcecode.swift; path = ListOrdesViewController.swift; sourceTree = "<group>"; };
		6A0426EC2C52669E002B5643 /* Order.swift */ = {isa = PBXFileReference; lastKnownFileType = sourcecode.swift; path = Order.swift; sourceTree = "<group>"; };
		6A0984332C4018A6000EF327 /* OnboardingViewController.swift */ = {isa = PBXFileReference; lastKnownFileType = sourcecode.swift; path = OnboardingViewController.swift; sourceTree = "<group>"; };
		6A0984382C4022CA000EF327 /* UIView+Extension.swift */ = {isa = PBXFileReference; lastKnownFileType = sourcecode.swift; path = "UIView+Extension.swift"; sourceTree = "<group>"; };
		6A09843A2C402479000EF327 /* OnboaringSlide.swift */ = {isa = PBXFileReference; lastKnownFileType = sourcecode.swift; path = OnboaringSlide.swift; sourceTree = "<group>"; };
		6A09843C2C40279A000EF327 /* OnboardingCollectionViewCell.swift */ = {isa = PBXFileReference; lastKnownFileType = sourcecode.swift; path = OnboardingCollectionViewCell.swift; sourceTree = "<group>"; };
		6A0D45282C4BCB3D0078D87E /* DishPortraitCollectionViewCell.swift */ = {isa = PBXFileReference; lastKnownFileType = sourcecode.swift; path = DishPortraitCollectionViewCell.swift; sourceTree = "<group>"; };
		6A0D45292C4BCB3D0078D87E /* DishPortraitCollectionViewCell.xib */ = {isa = PBXFileReference; lastKnownFileType = file.xib; path = DishPortraitCollectionViewCell.xib; sourceTree = "<group>"; };
		6A1B0BE32C4EB92E000D6D97 /* DishLandscapeCollectionViewCell.swift */ = {isa = PBXFileReference; lastKnownFileType = sourcecode.swift; path = DishLandscapeCollectionViewCell.swift; sourceTree = "<group>"; };
		6A1B0BE42C4EB92E000D6D97 /* DishLandscapeCollectionViewCell.xib */ = {isa = PBXFileReference; lastKnownFileType = file.xib; path = DishLandscapeCollectionViewCell.xib; sourceTree = "<group>"; };
		6A32182C2C492F8400BA8DA5 /* Dish.swift */ = {isa = PBXFileReference; lastKnownFileType = sourcecode.swift; path = Dish.swift; sourceTree = "<group>"; };
		6A629B162C4FBE630030155B /* DishDetailViewController.swift */ = {isa = PBXFileReference; lastKnownFileType = sourcecode.swift; path = DishDetailViewController.swift; sourceTree = "<group>"; };
		6A68BAD12C47F4320049C8BE /* DishCategory.swift */ = {isa = PBXFileReference; lastKnownFileType = sourcecode.swift; path = DishCategory.swift; sourceTree = "<group>"; };
		6A68BAD62C47F6230049C8BE /* String+Extension.swift */ = {isa = PBXFileReference; lastKnownFileType = sourcecode.swift; path = "String+Extension.swift"; sourceTree = "<group>"; };
		6A68BADA2C47FC9B0049C8BE /* CardView.swift */ = {isa = PBXFileReference; lastKnownFileType = sourcecode.swift; path = CardView.swift; sourceTree = "<group>"; };
		6AA837F92C4562DE00CCBEC7 /* HomeViewController.swift */ = {isa = PBXFileReference; lastKnownFileType = sourcecode.swift; path = HomeViewController.swift; sourceTree = "<group>"; };
		6ABDF5A72C51B84B009B349C /* UIViewController+Extension.swift */ = {isa = PBXFileReference; lastKnownFileType = sourcecode.swift; path = "UIViewController+Extension.swift"; sourceTree = "<group>"; };
		6ADC15162C36CEF700B5CBDF /* YemekSepeti.app */ = {isa = PBXFileReference; explicitFileType = wrapper.application; includeInIndex = 0; path = YemekSepeti.app; sourceTree = BUILT_PRODUCTS_DIR; };
		6ADC15192C36CEF700B5CBDF /* AppDelegate.swift */ = {isa = PBXFileReference; lastKnownFileType = sourcecode.swift; path = AppDelegate.swift; sourceTree = "<group>"; };
		6ADC151B2C36CEF700B5CBDF /* SceneDelegate.swift */ = {isa = PBXFileReference; lastKnownFileType = sourcecode.swift; path = SceneDelegate.swift; sourceTree = "<group>"; };
		6ADC15202C36CEF700B5CBDF /* Base */ = {isa = PBXFileReference; lastKnownFileType = file.storyboard; name = Base; path = Base.lproj/Main.storyboard; sourceTree = "<group>"; };
		6ADC15222C36CEF700B5CBDF /* Assets.xcassets */ = {isa = PBXFileReference; lastKnownFileType = folder.assetcatalog; path = Assets.xcassets; sourceTree = "<group>"; };
		6ADC15252C36CEF700B5CBDF /* Base */ = {isa = PBXFileReference; lastKnownFileType = file.storyboard; name = Base; path = Base.lproj/LaunchScreen.storyboard; sourceTree = "<group>"; };
		6ADC15272C36CEF700B5CBDF /* Info.plist */ = {isa = PBXFileReference; lastKnownFileType = text.plist.xml; path = Info.plist; sourceTree = "<group>"; };
		6ADC152C2C36CEF800B5CBDF /* YemekSepetiTests.xctest */ = {isa = PBXFileReference; explicitFileType = wrapper.cfbundle; includeInIndex = 0; path = YemekSepetiTests.xctest; sourceTree = BUILT_PRODUCTS_DIR; };
		6ADC15302C36CEF800B5CBDF /* YemekSepetiTests.swift */ = {isa = PBXFileReference; lastKnownFileType = sourcecode.swift; path = YemekSepetiTests.swift; sourceTree = "<group>"; };
		6ADC15362C36CEF800B5CBDF /* YemekSepetiUITests.xctest */ = {isa = PBXFileReference; explicitFileType = wrapper.cfbundle; includeInIndex = 0; path = YemekSepetiUITests.xctest; sourceTree = BUILT_PRODUCTS_DIR; };
		6ADC153A2C36CEF800B5CBDF /* YemekSepetiUITests.swift */ = {isa = PBXFileReference; lastKnownFileType = sourcecode.swift; path = YemekSepetiUITests.swift; sourceTree = "<group>"; };
		6ADC153C2C36CEF800B5CBDF /* YemekSepetiUITestsLaunchTests.swift */ = {isa = PBXFileReference; lastKnownFileType = sourcecode.swift; path = YemekSepetiUITestsLaunchTests.swift; sourceTree = "<group>"; };
		6AE880A82C46CFC80098BD2A /* CategoryCollectionViewCell.swift */ = {isa = PBXFileReference; lastKnownFileType = sourcecode.swift; path = CategoryCollectionViewCell.swift; sourceTree = "<group>"; };
		6AE880A92C46CFC80098BD2A /* CategoryCollectionViewCell.xib */ = {isa = PBXFileReference; lastKnownFileType = file.xib; path = CategoryCollectionViewCell.xib; sourceTree = "<group>"; };
/* End PBXFileReference section */

/* Begin PBXFrameworksBuildPhase section */
		6ADC15132C36CEF700B5CBDF /* Frameworks */ = {
			isa = PBXFrameworksBuildPhase;
			buildActionMask = 2147483647;
			files = (
				6A68BAD52C47F58C0049C8BE /* Kingfisher in Frameworks */,
			);
			runOnlyForDeploymentPostprocessing = 0;
		};
		6ADC15292C36CEF800B5CBDF /* Frameworks */ = {
			isa = PBXFrameworksBuildPhase;
			buildActionMask = 2147483647;
			files = (
			);
			runOnlyForDeploymentPostprocessing = 0;
		};
		6ADC15332C36CEF800B5CBDF /* Frameworks */ = {
			isa = PBXFrameworksBuildPhase;
			buildActionMask = 2147483647;
			files = (
			);
			runOnlyForDeploymentPostprocessing = 0;
		};
/* End PBXFrameworksBuildPhase section */

/* Begin PBXGroup section */
		6A0426E02C525B9C002B5643 /* TableViewCells */ = {
			isa = PBXGroup;
			children = (
				6A0426E12C525BB4002B5643 /* DishListTableViewCells */,
			);
			path = TableViewCells;
			sourceTree = "<group>";
		};
		6A0426E12C525BB4002B5643 /* DishListTableViewCells */ = {
			isa = PBXGroup;
			children = (
				6A0426E22C525BF0002B5643 /* DishListTableViewCell.swift */,
				6A0426E32C525BF0002B5643 /* DishListTableViewCell.xib */,
			);
			path = DishListTableViewCells;
			sourceTree = "<group>";
		};
		6A0426E62C525FF7002B5643 /* ListDishes */ = {
			isa = PBXGroup;
			children = (
				6A0426E72C526035002B5643 /* ListDishesViewController.swift */,
			);
			path = ListDishes;
			sourceTree = "<group>";
		};
		6A0426E92C52652B002B5643 /* ListOrders */ = {
			isa = PBXGroup;
			children = (
				6A0426EA2C526541002B5643 /* ListOrdesViewController.swift */,
			);
			path = ListOrders;
			sourceTree = "<group>";
		};
		6A09842F2C401856000EF327 /* Models */ = {
			isa = PBXGroup;
			children = (
				6A09843A2C402479000EF327 /* OnboaringSlide.swift */,
				6A68BAD12C47F4320049C8BE /* DishCategory.swift */,
				6A32182C2C492F8400BA8DA5 /* Dish.swift */,
				6A0426EC2C52669E002B5643 /* Order.swift */,
			);
			path = Models;
			sourceTree = "<group>";
		};
		6A0984302C40185F000EF327 /* Views */ = {
			isa = PBXGroup;
			children = (
				6A0426E92C52652B002B5643 /* ListOrders */,
				6A0426E62C525FF7002B5643 /* ListDishes */,
				6A629B152C4FBE3D0030155B /* DishDetail */,
				6AA837F82C4562B700CCBEC7 /* Home */,
				6A0984322C40187B000EF327 /* Onboarding */,
			);
			path = Views;
			sourceTree = "<group>";
		};
		6A0984312C401866000EF327 /* CustomViews */ = {
			isa = PBXGroup;
			children = (
				6A0426E02C525B9C002B5643 /* TableViewCells */,
				6A68BAD92C47FC860049C8BE /* CardView */,
				6AE880A72C46CF890098BD2A /* CollectionViewCells */,
			);
			path = CustomViews;
			sourceTree = "<group>";
		};
		6A0984322C40187B000EF327 /* Onboarding */ = {
			isa = PBXGroup;
			children = (
				6A0984332C4018A6000EF327 /* OnboardingViewController.swift */,
				6A09843C2C40279A000EF327 /* OnboardingCollectionViewCell.swift */,
			);
			path = Onboarding;
			sourceTree = "<group>";
		};
		6A0984352C40228B000EF327 /* Extension */ = {
			isa = PBXGroup;
			children = (
				6A0984382C4022CA000EF327 /* UIView+Extension.swift */,
				6A68BAD62C47F6230049C8BE /* String+Extension.swift */,
				6ABDF5A72C51B84B009B349C /* UIViewController+Extension.swift */,
			);
			path = Extension;
			sourceTree = "<group>";
		};
		6A0D45272C4BCB140078D87E /* DishPortraitColloectionViewCell */ = {
			isa = PBXGroup;
			children = (
				6A0D45282C4BCB3D0078D87E /* DishPortraitCollectionViewCell.swift */,
				6A0D45292C4BCB3D0078D87E /* DishPortraitCollectionViewCell.xib */,
			);
			path = DishPortraitColloectionViewCell;
			sourceTree = "<group>";
		};
		6A1B0BDC2C4EB1AC000D6D97 /* DishLandscapeColleectionViewCell */ = {
			isa = PBXGroup;
			children = (
				6A1B0BE32C4EB92E000D6D97 /* DishLandscapeCollectionViewCell.swift */,
				6A1B0BE42C4EB92E000D6D97 /* DishLandscapeCollectionViewCell.xib */,
			);
			path = DishLandscapeColleectionViewCell;
			sourceTree = "<group>";
		};
		6A629B152C4FBE3D0030155B /* DishDetail */ = {
			isa = PBXGroup;
			children = (
				6A629B162C4FBE630030155B /* DishDetailViewController.swift */,
			);
			path = DishDetail;
			sourceTree = "<group>";
		};
		6A68BAD92C47FC860049C8BE /* CardView */ = {
			isa = PBXGroup;
			children = (
				6A68BADA2C47FC9B0049C8BE /* CardView.swift */,
			);
			path = CardView;
			sourceTree = "<group>";
		};
		6AA837F82C4562B700CCBEC7 /* Home */ = {
			isa = PBXGroup;
			children = (
				6AA837F92C4562DE00CCBEC7 /* HomeViewController.swift */,
			);
			path = Home;
			sourceTree = "<group>";
		};
		6ADC150D2C36CEF700B5CBDF = {
			isa = PBXGroup;
			children = (
				6ADC15182C36CEF700B5CBDF /* YemekSepeti */,
				6ADC152F2C36CEF800B5CBDF /* YemekSepetiTests */,
				6ADC15392C36CEF800B5CBDF /* YemekSepetiUITests */,
				6ADC15172C36CEF700B5CBDF /* Products */,
			);
			sourceTree = "<group>";
		};
		6ADC15172C36CEF700B5CBDF /* Products */ = {
			isa = PBXGroup;
			children = (
				6ADC15162C36CEF700B5CBDF /* YemekSepeti.app */,
				6ADC152C2C36CEF800B5CBDF /* YemekSepetiTests.xctest */,
				6ADC15362C36CEF800B5CBDF /* YemekSepetiUITests.xctest */,
			);
			name = Products;
			sourceTree = "<group>";
		};
		6ADC15182C36CEF700B5CBDF /* YemekSepeti */ = {
			isa = PBXGroup;
			children = (
				6A0984352C40228B000EF327 /* Extension */,
				6A0984312C401866000EF327 /* CustomViews */,
				6A0984302C40185F000EF327 /* Views */,
				6A09842F2C401856000EF327 /* Models */,
				6ADC15192C36CEF700B5CBDF /* AppDelegate.swift */,
				6ADC151B2C36CEF700B5CBDF /* SceneDelegate.swift */,
				6ADC151F2C36CEF700B5CBDF /* Main.storyboard */,
				6ADC15222C36CEF700B5CBDF /* Assets.xcassets */,
				6ADC15242C36CEF700B5CBDF /* LaunchScreen.storyboard */,
				6ADC15272C36CEF700B5CBDF /* Info.plist */,
			);
			path = YemekSepeti;
			sourceTree = "<group>";
		};
		6ADC152F2C36CEF800B5CBDF /* YemekSepetiTests */ = {
			isa = PBXGroup;
			children = (
				6ADC15302C36CEF800B5CBDF /* YemekSepetiTests.swift */,
			);
			path = YemekSepetiTests;
			sourceTree = "<group>";
		};
		6ADC15392C36CEF800B5CBDF /* YemekSepetiUITests */ = {
			isa = PBXGroup;
			children = (
				6ADC153A2C36CEF800B5CBDF /* YemekSepetiUITests.swift */,
				6ADC153C2C36CEF800B5CBDF /* YemekSepetiUITestsLaunchTests.swift */,
			);
			path = YemekSepetiUITests;
			sourceTree = "<group>";
		};
		6AE880A72C46CF890098BD2A /* CollectionViewCells */ = {
			isa = PBXGroup;
			children = (
				6A1B0BDC2C4EB1AC000D6D97 /* DishLandscapeColleectionViewCell */,
				6A0D45272C4BCB140078D87E /* DishPortraitColloectionViewCell */,
				6AE880AC2C46CFD20098BD2A /* CategoryCollectionViewCell */,
			);
			path = CollectionViewCells;
			sourceTree = "<group>";
		};
		6AE880AC2C46CFD20098BD2A /* CategoryCollectionViewCell */ = {
			isa = PBXGroup;
			children = (
				6AE880A82C46CFC80098BD2A /* CategoryCollectionViewCell.swift */,
				6AE880A92C46CFC80098BD2A /* CategoryCollectionViewCell.xib */,
			);
			path = CategoryCollectionViewCell;
			sourceTree = "<group>";
		};
/* End PBXGroup section */

/* Begin PBXNativeTarget section */
		6ADC15152C36CEF700B5CBDF /* YemekSepeti */ = {
			isa = PBXNativeTarget;
			buildConfigurationList = 6ADC15402C36CEF800B5CBDF /* Build configuration list for PBXNativeTarget "YemekSepeti" */;
			buildPhases = (
				6ADC15122C36CEF700B5CBDF /* Sources */,
				6ADC15132C36CEF700B5CBDF /* Frameworks */,
				6ADC15142C36CEF700B5CBDF /* Resources */,
			);
			buildRules = (
			);
			dependencies = (
			);
			name = YemekSepeti;
			packageProductDependencies = (
				6A68BAD42C47F58C0049C8BE /* Kingfisher */,
			);
			productName = YemekSepeti;
			productReference = 6ADC15162C36CEF700B5CBDF /* YemekSepeti.app */;
			productType = "com.apple.product-type.application";
		};
		6ADC152B2C36CEF800B5CBDF /* YemekSepetiTests */ = {
			isa = PBXNativeTarget;
			buildConfigurationList = 6ADC15432C36CEF800B5CBDF /* Build configuration list for PBXNativeTarget "YemekSepetiTests" */;
			buildPhases = (
				6ADC15282C36CEF800B5CBDF /* Sources */,
				6ADC15292C36CEF800B5CBDF /* Frameworks */,
				6ADC152A2C36CEF800B5CBDF /* Resources */,
			);
			buildRules = (
			);
			dependencies = (
				6ADC152E2C36CEF800B5CBDF /* PBXTargetDependency */,
			);
			name = YemekSepetiTests;
			productName = YemekSepetiTests;
			productReference = 6ADC152C2C36CEF800B5CBDF /* YemekSepetiTests.xctest */;
			productType = "com.apple.product-type.bundle.unit-test";
		};
		6ADC15352C36CEF800B5CBDF /* YemekSepetiUITests */ = {
			isa = PBXNativeTarget;
			buildConfigurationList = 6ADC15462C36CEF800B5CBDF /* Build configuration list for PBXNativeTarget "YemekSepetiUITests" */;
			buildPhases = (
				6ADC15322C36CEF800B5CBDF /* Sources */,
				6ADC15332C36CEF800B5CBDF /* Frameworks */,
				6ADC15342C36CEF800B5CBDF /* Resources */,
			);
			buildRules = (
			);
			dependencies = (
				6ADC15382C36CEF800B5CBDF /* PBXTargetDependency */,
			);
			name = YemekSepetiUITests;
			productName = YemekSepetiUITests;
			productReference = 6ADC15362C36CEF800B5CBDF /* YemekSepetiUITests.xctest */;
			productType = "com.apple.product-type.bundle.ui-testing";
		};
/* End PBXNativeTarget section */

/* Begin PBXProject section */
		6ADC150E2C36CEF700B5CBDF /* Project object */ = {
			isa = PBXProject;
			attributes = {
				BuildIndependentTargetsInParallel = 1;
				LastSwiftUpdateCheck = 1530;
				LastUpgradeCheck = 1530;
				TargetAttributes = {
					6ADC15152C36CEF700B5CBDF = {
						CreatedOnToolsVersion = 15.3;
					};
					6ADC152B2C36CEF800B5CBDF = {
						CreatedOnToolsVersion = 15.3;
						TestTargetID = 6ADC15152C36CEF700B5CBDF;
					};
					6ADC15352C36CEF800B5CBDF = {
						CreatedOnToolsVersion = 15.3;
						TestTargetID = 6ADC15152C36CEF700B5CBDF;
					};
				};
			};
			buildConfigurationList = 6ADC15112C36CEF700B5CBDF /* Build configuration list for PBXProject "YemekSepeti" */;
			compatibilityVersion = "Xcode 14.0";
			developmentRegion = en;
			hasScannedForEncodings = 0;
			knownRegions = (
				en,
				Base,
			);
			mainGroup = 6ADC150D2C36CEF700B5CBDF;
			packageReferences = (
				6A68BAD32C47F58C0049C8BE /* XCRemoteSwiftPackageReference "Kingfisher" */,
			);
			productRefGroup = 6ADC15172C36CEF700B5CBDF /* Products */;
			projectDirPath = "";
			projectRoot = "";
			targets = (
				6ADC15152C36CEF700B5CBDF /* YemekSepeti */,
				6ADC152B2C36CEF800B5CBDF /* YemekSepetiTests */,
				6ADC15352C36CEF800B5CBDF /* YemekSepetiUITests */,
			);
		};
/* End PBXProject section */

/* Begin PBXResourcesBuildPhase section */
		6ADC15142C36CEF700B5CBDF /* Resources */ = {
			isa = PBXResourcesBuildPhase;
			buildActionMask = 2147483647;
			files = (
				6AE880AA2C46CFC80098BD2A /* CategoryCollectionViewCell.xib in Resources */,
				6A0426E52C525BF0002B5643 /* DishListTableViewCell.xib in Resources */,
				6ADC15232C36CEF700B5CBDF /* Assets.xcassets in Resources */,
				6A0D452A2C4BCB3D0078D87E /* DishPortraitCollectionViewCell.xib in Resources */,
				6ADC15262C36CEF700B5CBDF /* Base in Resources */,
				6A1B0BE52C4EB92E000D6D97 /* DishLandscapeCollectionViewCell.xib in Resources */,
				6ADC15212C36CEF700B5CBDF /* Base in Resources */,
			);
			runOnlyForDeploymentPostprocessing = 0;
		};
		6ADC152A2C36CEF800B5CBDF /* Resources */ = {
			isa = PBXResourcesBuildPhase;
			buildActionMask = 2147483647;
			files = (
			);
			runOnlyForDeploymentPostprocessing = 0;
		};
		6ADC15342C36CEF800B5CBDF /* Resources */ = {
			isa = PBXResourcesBuildPhase;
			buildActionMask = 2147483647;
			files = (
			);
			runOnlyForDeploymentPostprocessing = 0;
		};
/* End PBXResourcesBuildPhase section */

/* Begin PBXSourcesBuildPhase section */
		6ADC15122C36CEF700B5CBDF /* Sources */ = {
			isa = PBXSourcesBuildPhase;
			buildActionMask = 2147483647;
			files = (
				6A0426E42C525BF0002B5643 /* DishListTableViewCell.swift in Sources */,
				6ABDF5A82C51B84B009B349C /* UIViewController+Extension.swift in Sources */,
				6A0426ED2C52669E002B5643 /* Order.swift in Sources */,
				6AE880AB2C46CFC80098BD2A /* CategoryCollectionViewCell.swift in Sources */,
				6ADC151A2C36CEF700B5CBDF /* AppDelegate.swift in Sources */,
				6ADC151C2C36CEF700B5CBDF /* SceneDelegate.swift in Sources */,
				6A0984392C4022CA000EF327 /* UIView+Extension.swift in Sources */,
				6A0426EB2C526541002B5643 /* ListOrdesViewController.swift in Sources */,
				6A0984342C4018A6000EF327 /* OnboardingViewController.swift in Sources */,
				6A09843B2C402479000EF327 /* OnboaringSlide.swift in Sources */,
				6A629B172C4FBE630030155B /* DishDetailViewController.swift in Sources */,
				6A0D452B2C4BCB3D0078D87E /* DishPortraitCollectionViewCell.swift in Sources */,
				6AA837FA2C4562DE00CCBEC7 /* HomeViewController.swift in Sources */,
				6A1B0BE62C4EB92E000D6D97 /* DishLandscapeCollectionViewCell.swift in Sources */,
				6A68BAD22C47F4320049C8BE /* DishCategory.swift in Sources */,
				6A68BAD72C47F6230049C8BE /* String+Extension.swift in Sources */,
				6A0426E82C526035002B5643 /* ListDishesViewController.swift in Sources */,
				6A68BADB2C47FC9B0049C8BE /* CardView.swift in Sources */,
				6A09843D2C40279A000EF327 /* OnboardingCollectionViewCell.swift in Sources */,
				6A32182D2C492F8400BA8DA5 /* Dish.swift in Sources */,
			);
			runOnlyForDeploymentPostprocessing = 0;
		};
		6ADC15282C36CEF800B5CBDF /* Sources */ = {
			isa = PBXSourcesBuildPhase;
			buildActionMask = 2147483647;
			files = (
				6ADC15312C36CEF800B5CBDF /* YemekSepetiTests.swift in Sources */,
			);
			runOnlyForDeploymentPostprocessing = 0;
		};
		6ADC15322C36CEF800B5CBDF /* Sources */ = {
			isa = PBXSourcesBuildPhase;
			buildActionMask = 2147483647;
			files = (
				6ADC153D2C36CEF800B5CBDF /* YemekSepetiUITestsLaunchTests.swift in Sources */,
				6ADC153B2C36CEF800B5CBDF /* YemekSepetiUITests.swift in Sources */,
			);
			runOnlyForDeploymentPostprocessing = 0;
		};
/* End PBXSourcesBuildPhase section */

/* Begin PBXTargetDependency section */
		6ADC152E2C36CEF800B5CBDF /* PBXTargetDependency */ = {
			isa = PBXTargetDependency;
			target = 6ADC15152C36CEF700B5CBDF /* YemekSepeti */;
			targetProxy = 6ADC152D2C36CEF800B5CBDF /* PBXContainerItemProxy */;
		};
		6ADC15382C36CEF800B5CBDF /* PBXTargetDependency */ = {
			isa = PBXTargetDependency;
			target = 6ADC15152C36CEF700B5CBDF /* YemekSepeti */;
			targetProxy = 6ADC15372C36CEF800B5CBDF /* PBXContainerItemProxy */;
		};
/* End PBXTargetDependency section */

/* Begin PBXVariantGroup section */
		6ADC151F2C36CEF700B5CBDF /* Main.storyboard */ = {
			isa = PBXVariantGroup;
			children = (
				6ADC15202C36CEF700B5CBDF /* Base */,
			);
			name = Main.storyboard;
			sourceTree = "<group>";
		};
		6ADC15242C36CEF700B5CBDF /* LaunchScreen.storyboard */ = {
			isa = PBXVariantGroup;
			children = (
				6ADC15252C36CEF700B5CBDF /* Base */,
			);
			name = LaunchScreen.storyboard;
			sourceTree = "<group>";
		};
/* End PBXVariantGroup section */

/* Begin XCBuildConfiguration section */
		6ADC153E2C36CEF800B5CBDF /* Debug */ = {
			isa = XCBuildConfiguration;
			buildSettings = {
				ALWAYS_SEARCH_USER_PATHS = NO;
				ASSETCATALOG_COMPILER_GENERATE_SWIFT_ASSET_SYMBOL_EXTENSIONS = YES;
				CLANG_ANALYZER_NONNULL = YES;
				CLANG_ANALYZER_NUMBER_OBJECT_CONVERSION = YES_AGGRESSIVE;
				CLANG_CXX_LANGUAGE_STANDARD = "gnu++20";
				CLANG_ENABLE_MODULES = YES;
				CLANG_ENABLE_OBJC_ARC = YES;
				CLANG_ENABLE_OBJC_WEAK = YES;
				CLANG_WARN_BLOCK_CAPTURE_AUTORELEASING = YES;
				CLANG_WARN_BOOL_CONVERSION = YES;
				CLANG_WARN_COMMA = YES;
				CLANG_WARN_CONSTANT_CONVERSION = YES;
				CLANG_WARN_DEPRECATED_OBJC_IMPLEMENTATIONS = YES;
				CLANG_WARN_DIRECT_OBJC_ISA_USAGE = YES_ERROR;
				CLANG_WARN_DOCUMENTATION_COMMENTS = YES;
				CLANG_WARN_EMPTY_BODY = YES;
				CLANG_WARN_ENUM_CONVERSION = YES;
				CLANG_WARN_INFINITE_RECURSION = YES;
				CLANG_WARN_INT_CONVERSION = YES;
				CLANG_WARN_NON_LITERAL_NULL_CONVERSION = YES;
				CLANG_WARN_OBJC_IMPLICIT_RETAIN_SELF = YES;
				CLANG_WARN_OBJC_LITERAL_CONVERSION = YES;
				CLANG_WARN_OBJC_ROOT_CLASS = YES_ERROR;
				CLANG_WARN_QUOTED_INCLUDE_IN_FRAMEWORK_HEADER = YES;
				CLANG_WARN_RANGE_LOOP_ANALYSIS = YES;
				CLANG_WARN_STRICT_PROTOTYPES = YES;
				CLANG_WARN_SUSPICIOUS_MOVE = YES;
				CLANG_WARN_UNGUARDED_AVAILABILITY = YES_AGGRESSIVE;
				CLANG_WARN_UNREACHABLE_CODE = YES;
				CLANG_WARN__DUPLICATE_METHOD_MATCH = YES;
				COPY_PHASE_STRIP = NO;
				DEBUG_INFORMATION_FORMAT = dwarf;
				ENABLE_STRICT_OBJC_MSGSEND = YES;
				ENABLE_TESTABILITY = YES;
				ENABLE_USER_SCRIPT_SANDBOXING = YES;
				GCC_C_LANGUAGE_STANDARD = gnu17;
				GCC_DYNAMIC_NO_PIC = NO;
				GCC_NO_COMMON_BLOCKS = YES;
				GCC_OPTIMIZATION_LEVEL = 0;
				GCC_PREPROCESSOR_DEFINITIONS = (
					"DEBUG=1",
					"$(inherited)",
				);
				GCC_WARN_64_TO_32_BIT_CONVERSION = YES;
				GCC_WARN_ABOUT_RETURN_TYPE = YES_ERROR;
				GCC_WARN_UNDECLARED_SELECTOR = YES;
				GCC_WARN_UNINITIALIZED_AUTOS = YES_AGGRESSIVE;
				GCC_WARN_UNUSED_FUNCTION = YES;
				GCC_WARN_UNUSED_VARIABLE = YES;
				IPHONEOS_DEPLOYMENT_TARGET = 17.4;
				LOCALIZATION_PREFERS_STRING_CATALOGS = YES;
				MTL_ENABLE_DEBUG_INFO = INCLUDE_SOURCE;
				MTL_FAST_MATH = YES;
				ONLY_ACTIVE_ARCH = YES;
				SDKROOT = iphoneos;
				SWIFT_ACTIVE_COMPILATION_CONDITIONS = "DEBUG $(inherited)";
				SWIFT_OPTIMIZATION_LEVEL = "-Onone";
			};
			name = Debug;
		};
		6ADC153F2C36CEF800B5CBDF /* Release */ = {
			isa = XCBuildConfiguration;
			buildSettings = {
				ALWAYS_SEARCH_USER_PATHS = NO;
				ASSETCATALOG_COMPILER_GENERATE_SWIFT_ASSET_SYMBOL_EXTENSIONS = YES;
				CLANG_ANALYZER_NONNULL = YES;
				CLANG_ANALYZER_NUMBER_OBJECT_CONVERSION = YES_AGGRESSIVE;
				CLANG_CXX_LANGUAGE_STANDARD = "gnu++20";
				CLANG_ENABLE_MODULES = YES;
				CLANG_ENABLE_OBJC_ARC = YES;
				CLANG_ENABLE_OBJC_WEAK = YES;
				CLANG_WARN_BLOCK_CAPTURE_AUTORELEASING = YES;
				CLANG_WARN_BOOL_CONVERSION = YES;
				CLANG_WARN_COMMA = YES;
				CLANG_WARN_CONSTANT_CONVERSION = YES;
				CLANG_WARN_DEPRECATED_OBJC_IMPLEMENTATIONS = YES;
				CLANG_WARN_DIRECT_OBJC_ISA_USAGE = YES_ERROR;
				CLANG_WARN_DOCUMENTATION_COMMENTS = YES;
				CLANG_WARN_EMPTY_BODY = YES;
				CLANG_WARN_ENUM_CONVERSION = YES;
				CLANG_WARN_INFINITE_RECURSION = YES;
				CLANG_WARN_INT_CONVERSION = YES;
				CLANG_WARN_NON_LITERAL_NULL_CONVERSION = YES;
				CLANG_WARN_OBJC_IMPLICIT_RETAIN_SELF = YES;
				CLANG_WARN_OBJC_LITERAL_CONVERSION = YES;
				CLANG_WARN_OBJC_ROOT_CLASS = YES_ERROR;
				CLANG_WARN_QUOTED_INCLUDE_IN_FRAMEWORK_HEADER = YES;
				CLANG_WARN_RANGE_LOOP_ANALYSIS = YES;
				CLANG_WARN_STRICT_PROTOTYPES = YES;
				CLANG_WARN_SUSPICIOUS_MOVE = YES;
				CLANG_WARN_UNGUARDED_AVAILABILITY = YES_AGGRESSIVE;
				CLANG_WARN_UNREACHABLE_CODE = YES;
				CLANG_WARN__DUPLICATE_METHOD_MATCH = YES;
				COPY_PHASE_STRIP = NO;
				DEBUG_INFORMATION_FORMAT = "dwarf-with-dsym";
				ENABLE_NS_ASSERTIONS = NO;
				ENABLE_STRICT_OBJC_MSGSEND = YES;
				ENABLE_USER_SCRIPT_SANDBOXING = YES;
				GCC_C_LANGUAGE_STANDARD = gnu17;
				GCC_NO_COMMON_BLOCKS = YES;
				GCC_WARN_64_TO_32_BIT_CONVERSION = YES;
				GCC_WARN_ABOUT_RETURN_TYPE = YES_ERROR;
				GCC_WARN_UNDECLARED_SELECTOR = YES;
				GCC_WARN_UNINITIALIZED_AUTOS = YES_AGGRESSIVE;
				GCC_WARN_UNUSED_FUNCTION = YES;
				GCC_WARN_UNUSED_VARIABLE = YES;
				IPHONEOS_DEPLOYMENT_TARGET = 17.4;
				LOCALIZATION_PREFERS_STRING_CATALOGS = YES;
				MTL_ENABLE_DEBUG_INFO = NO;
				MTL_FAST_MATH = YES;
				SDKROOT = iphoneos;
				SWIFT_COMPILATION_MODE = wholemodule;
				VALIDATE_PRODUCT = YES;
			};
			name = Release;
		};
		6ADC15412C36CEF800B5CBDF /* Debug */ = {
			isa = XCBuildConfiguration;
			buildSettings = {
				ASSETCATALOG_COMPILER_APPICON_NAME = AppIcon;
				ASSETCATALOG_COMPILER_GLOBAL_ACCENT_COLOR_NAME = AccentColor;
				CODE_SIGN_STYLE = Automatic;
				CURRENT_PROJECT_VERSION = 1;
				DEVELOPMENT_TEAM = 244RFX44WS;
				GENERATE_INFOPLIST_FILE = YES;
				INFOPLIST_FILE = YemekSepeti/Info.plist;
				INFOPLIST_KEY_UIApplicationSupportsIndirectInputEvents = YES;
				INFOPLIST_KEY_UILaunchStoryboardName = LaunchScreen;
				INFOPLIST_KEY_UIMainStoryboardFile = Main;
				INFOPLIST_KEY_UISupportedInterfaceOrientations_iPad = "UIInterfaceOrientationPortrait UIInterfaceOrientationPortraitUpsideDown UIInterfaceOrientationLandscapeLeft UIInterfaceOrientationLandscapeRight";
				INFOPLIST_KEY_UISupportedInterfaceOrientations_iPhone = "UIInterfaceOrientationPortrait UIInterfaceOrientationLandscapeLeft UIInterfaceOrientationLandscapeRight";
				LD_RUNPATH_SEARCH_PATHS = (
					"$(inherited)",
					"@executable_path/Frameworks",
				);
				MARKETING_VERSION = 1.0;
				PRODUCT_BUNDLE_IDENTIFIER = Saadet.YemekSepeti;
				PRODUCT_NAME = "$(TARGET_NAME)";
				SWIFT_EMIT_LOC_STRINGS = YES;
				SWIFT_VERSION = 5.0;
				TARGETED_DEVICE_FAMILY = "1,2";
			};
			name = Debug;
		};
		6ADC15422C36CEF800B5CBDF /* Release */ = {
			isa = XCBuildConfiguration;
			buildSettings = {
				ASSETCATALOG_COMPILER_APPICON_NAME = AppIcon;
				ASSETCATALOG_COMPILER_GLOBAL_ACCENT_COLOR_NAME = AccentColor;
				CODE_SIGN_STYLE = Automatic;
				CURRENT_PROJECT_VERSION = 1;
				DEVELOPMENT_TEAM = 244RFX44WS;
				GENERATE_INFOPLIST_FILE = YES;
				INFOPLIST_FILE = YemekSepeti/Info.plist;
				INFOPLIST_KEY_UIApplicationSupportsIndirectInputEvents = YES;
				INFOPLIST_KEY_UILaunchStoryboardName = LaunchScreen;
				INFOPLIST_KEY_UIMainStoryboardFile = Main;
				INFOPLIST_KEY_UISupportedInterfaceOrientations_iPad = "UIInterfaceOrientationPortrait UIInterfaceOrientationPortraitUpsideDown UIInterfaceOrientationLandscapeLeft UIInterfaceOrientationLandscapeRight";
				INFOPLIST_KEY_UISupportedInterfaceOrientations_iPhone = "UIInterfaceOrientationPortrait UIInterfaceOrientationLandscapeLeft UIInterfaceOrientationLandscapeRight";
				LD_RUNPATH_SEARCH_PATHS = (
					"$(inherited)",
					"@executable_path/Frameworks",
				);
				MARKETING_VERSION = 1.0;
				PRODUCT_BUNDLE_IDENTIFIER = Saadet.YemekSepeti;
				PRODUCT_NAME = "$(TARGET_NAME)";
				SWIFT_EMIT_LOC_STRINGS = YES;
				SWIFT_VERSION = 5.0;
				TARGETED_DEVICE_FAMILY = "1,2";
			};
			name = Release;
		};
		6ADC15442C36CEF800B5CBDF /* Debug */ = {
			isa = XCBuildConfiguration;
			buildSettings = {
				ALWAYS_EMBED_SWIFT_STANDARD_LIBRARIES = YES;
				BUNDLE_LOADER = "$(TEST_HOST)";
				CODE_SIGN_STYLE = Automatic;
				CURRENT_PROJECT_VERSION = 1;
				DEVELOPMENT_TEAM = 244RFX44WS;
				GENERATE_INFOPLIST_FILE = YES;
				IPHONEOS_DEPLOYMENT_TARGET = 17.4;
				MARKETING_VERSION = 1.0;
				PRODUCT_BUNDLE_IDENTIFIER = Saadet.YemekSepetiTests;
				PRODUCT_NAME = "$(TARGET_NAME)";
				SWIFT_EMIT_LOC_STRINGS = NO;
				SWIFT_VERSION = 5.0;
				TARGETED_DEVICE_FAMILY = "1,2";
				TEST_HOST = "$(BUILT_PRODUCTS_DIR)/YemekSepeti.app/$(BUNDLE_EXECUTABLE_FOLDER_PATH)/YemekSepeti";
			};
			name = Debug;
		};
		6ADC15452C36CEF800B5CBDF /* Release */ = {
			isa = XCBuildConfiguration;
			buildSettings = {
				ALWAYS_EMBED_SWIFT_STANDARD_LIBRARIES = YES;
				BUNDLE_LOADER = "$(TEST_HOST)";
				CODE_SIGN_STYLE = Automatic;
				CURRENT_PROJECT_VERSION = 1;
				DEVELOPMENT_TEAM = 244RFX44WS;
				GENERATE_INFOPLIST_FILE = YES;
				IPHONEOS_DEPLOYMENT_TARGET = 17.4;
				MARKETING_VERSION = 1.0;
				PRODUCT_BUNDLE_IDENTIFIER = Saadet.YemekSepetiTests;
				PRODUCT_NAME = "$(TARGET_NAME)";
				SWIFT_EMIT_LOC_STRINGS = NO;
				SWIFT_VERSION = 5.0;
				TARGETED_DEVICE_FAMILY = "1,2";
				TEST_HOST = "$(BUILT_PRODUCTS_DIR)/YemekSepeti.app/$(BUNDLE_EXECUTABLE_FOLDER_PATH)/YemekSepeti";
			};
			name = Release;
		};
		6ADC15472C36CEF800B5CBDF /* Debug */ = {
			isa = XCBuildConfiguration;
			buildSettings = {
				ALWAYS_EMBED_SWIFT_STANDARD_LIBRARIES = YES;
				CODE_SIGN_STYLE = Automatic;
				CURRENT_PROJECT_VERSION = 1;
				DEVELOPMENT_TEAM = 244RFX44WS;
				GENERATE_INFOPLIST_FILE = YES;
				MARKETING_VERSION = 1.0;
				PRODUCT_BUNDLE_IDENTIFIER = Saadet.YemekSepetiUITests;
				PRODUCT_NAME = "$(TARGET_NAME)";
				SWIFT_EMIT_LOC_STRINGS = NO;
				SWIFT_VERSION = 5.0;
				TARGETED_DEVICE_FAMILY = "1,2";
				TEST_TARGET_NAME = YemekSepeti;
			};
			name = Debug;
		};
		6ADC15482C36CEF800B5CBDF /* Release */ = {
			isa = XCBuildConfiguration;
			buildSettings = {
				ALWAYS_EMBED_SWIFT_STANDARD_LIBRARIES = YES;
				CODE_SIGN_STYLE = Automatic;
				CURRENT_PROJECT_VERSION = 1;
				DEVELOPMENT_TEAM = 244RFX44WS;
				GENERATE_INFOPLIST_FILE = YES;
				MARKETING_VERSION = 1.0;
				PRODUCT_BUNDLE_IDENTIFIER = Saadet.YemekSepetiUITests;
				PRODUCT_NAME = "$(TARGET_NAME)";
				SWIFT_EMIT_LOC_STRINGS = NO;
				SWIFT_VERSION = 5.0;
				TARGETED_DEVICE_FAMILY = "1,2";
				TEST_TARGET_NAME = YemekSepeti;
			};
			name = Release;
		};
/* End XCBuildConfiguration section */

/* Begin XCConfigurationList section */
		6ADC15112C36CEF700B5CBDF /* Build configuration list for PBXProject "YemekSepeti" */ = {
			isa = XCConfigurationList;
			buildConfigurations = (
				6ADC153E2C36CEF800B5CBDF /* Debug */,
				6ADC153F2C36CEF800B5CBDF /* Release */,
			);
			defaultConfigurationIsVisible = 0;
			defaultConfigurationName = Release;
		};
		6ADC15402C36CEF800B5CBDF /* Build configuration list for PBXNativeTarget "YemekSepeti" */ = {
			isa = XCConfigurationList;
			buildConfigurations = (
				6ADC15412C36CEF800B5CBDF /* Debug */,
				6ADC15422C36CEF800B5CBDF /* Release */,
			);
			defaultConfigurationIsVisible = 0;
			defaultConfigurationName = Release;
		};
		6ADC15432C36CEF800B5CBDF /* Build configuration list for PBXNativeTarget "YemekSepetiTests" */ = {
			isa = XCConfigurationList;
			buildConfigurations = (
				6ADC15442C36CEF800B5CBDF /* Debug */,
				6ADC15452C36CEF800B5CBDF /* Release */,
			);
			defaultConfigurationIsVisible = 0;
			defaultConfigurationName = Release;
		};
		6ADC15462C36CEF800B5CBDF /* Build configuration list for PBXNativeTarget "YemekSepetiUITests" */ = {
			isa = XCConfigurationList;
			buildConfigurations = (
				6ADC15472C36CEF800B5CBDF /* Debug */,
				6ADC15482C36CEF800B5CBDF /* Release */,
			);
			defaultConfigurationIsVisible = 0;
			defaultConfigurationName = Release;
		};
/* End XCConfigurationList section */

/* Begin XCRemoteSwiftPackageReference section */
		6A68BAD32C47F58C0049C8BE /* XCRemoteSwiftPackageReference "Kingfisher" */ = {
			isa = XCRemoteSwiftPackageReference;
			repositoryURL = "https://github.com/onevcat/Kingfisher.git";
			requirement = {
				kind = upToNextMajorVersion;
				minimumVersion = 7.12.0;
			};
		};
/* End XCRemoteSwiftPackageReference section */

/* Begin XCSwiftPackageProductDependency section */
		6A68BAD42C47F58C0049C8BE /* Kingfisher */ = {
			isa = XCSwiftPackageProductDependency;
			package = 6A68BAD32C47F58C0049C8BE /* XCRemoteSwiftPackageReference "Kingfisher" */;
			productName = Kingfisher;
		};
/* End XCSwiftPackageProductDependency section */
	};
	rootObject = 6ADC150E2C36CEF700B5CBDF /* Project object */;
}
